
Microsoft Visual Studio Solution File, Format Version 12.00
# Visual Studio Version 17
VisualStudioVersion = 17.3.32811.315
MinimumVisualStudioVersion = 10.0.40219.1
Project("{9A19103F-16F7-4668-BE54-9A1E7A4F7556}") = "Ejercicio2", "Ejercicio2\Ejercicio2.csproj", "{C313E3BF-39B9-417D-950F-9E92724A8B1A}"
EndProject
Project("{9A19103F-16F7-4668-BE54-9A1E7A4F7556}") = "Ejercicio3", "Ejercicio3\Ejercicio3.csproj", "{6A8F7CA5-CD3F-4243-9D4E-5AE15BEA2145}"
EndProject
Project("{FAE04EC0-301F-11D3-BF4B-00C04F79EFBC}") = "Ejercicio4", "Ejercicio4\Ejercicio4.csproj", "{A29C425E-A38E-49E0-8E45-A1ED13C19E61}"
EndProject
Global
	GlobalSection(SolutionConfigurationPlatforms) = preSolution
		Debug|Any CPU = Debug|Any CPU
		Release|Any CPU = Release|Any CPU
	EndGlobalSection
	GlobalSection(ProjectConfigurationPlatforms) = postSolution
		{C313E3BF-39B9-417D-950F-9E92724A8B1A}.Debug|Any CPU.ActiveCfg = Debug|Any CPU
		{C313E3BF-39B9-417D-950F-9E92724A8B1A}.Debug|Any CPU.Build.0 = Debug|Any CPU
		{C313E3BF-39B9-417D-950F-9E92724A8B1A}.Release|Any CPU.ActiveCfg = Release|Any CPU
		{C313E3BF-39B9-417D-950F-9E92724A8B1A}.Release|Any CPU.Build.0 = Release|Any CPU
		{6A8F7CA5-CD3F-4243-9D4E-5AE15BEA2145}.Debug|Any CPU.ActiveCfg = Debug|Any CPU
		{6A8F7CA5-CD3F-4243-9D4E-5AE15BEA2145}.Debug|Any CPU.Build.0 = Debug|Any CPU
		{6A8F7CA5-CD3F-4243-9D4E-5AE15BEA2145}.Release|Any CPU.ActiveCfg = Release|Any CPU
		{6A8F7CA5-CD3F-4243-9D4E-5AE15BEA2145}.Release|Any CPU.Build.0 = Release|Any CPU
		{A29C425E-A38E-49E0-8E45-A1ED13C19E61}.Debug|Any CPU.ActiveCfg = Debug|Any CPU
		{A29C425E-A38E-49E0-8E45-A1ED13C19E61}.Debug|Any CPU.Build.0 = Debug|Any CPU
		{A29C425E-A38E-49E0-8E45-A1ED13C19E61}.Release|Any CPU.ActiveCfg = Release|Any CPU
		{A29C425E-A38E-49E0-8E45-A1ED13C19E61}.Release|Any CPU.Build.0 = Release|Any CPU
	EndGlobalSection
	GlobalSection(SolutionProperties) = preSolution
		HideSolutionNode = FALSE
	EndGlobalSection
	GlobalSection(ExtensibilityGlobals) = postSolution
		SolutionGuid = {E7196243-1060-412B-917E-3A5F371B3CE4}
	EndGlobalSection
EndGlobal
