
Microsoft Visual Studio Solution File, Format Version 12.00
# Visual Studio Version 17
VisualStudioVersion = 17.3.32811.315
MinimumVisualStudioVersion = 10.0.40219.1
Project("{9A19103F-16F7-4668-BE54-9A1E7A4F7556}") = "Ejercicio2", "Ejercicio1\Ejercicio2.csproj", "{5B5712A8-3D52-41A4-9A00-017F4DE99F63}"
EndProject
Project("{FAE04EC0-301F-11D3-BF4B-00C04F79EFBC}") = "Ejercicio5", "Ejercicio5\Ejercicio5.csproj", "{2C91F041-8A75-4930-AE49-055DDD383DB2}"
EndProject
Global
	GlobalSection(SolutionConfigurationPlatforms) = preSolution
		Debug|Any CPU = Debug|Any CPU
		Release|Any CPU = Release|Any CPU
	EndGlobalSection
	GlobalSection(ProjectConfigurationPlatforms) = postSolution
		{5B5712A8-3D52-41A4-9A00-017F4DE99F63}.Debug|Any CPU.ActiveCfg = Debug|Any CPU
		{5B5712A8-3D52-41A4-9A00-017F4DE99F63}.Debug|Any CPU.Build.0 = Debug|Any CPU
		{5B5712A8-3D52-41A4-9A00-017F4DE99F63}.Release|Any CPU.ActiveCfg = Release|Any CPU
		{5B5712A8-3D52-41A4-9A00-017F4DE99F63}.Release|Any CPU.Build.0 = Release|Any CPU
		{2C91F041-8A75-4930-AE49-055DDD383DB2}.Debug|Any CPU.ActiveCfg = Debug|Any CPU
		{2C91F041-8A75-4930-AE49-055DDD383DB2}.Debug|Any CPU.Build.0 = Debug|Any CPU
		{2C91F041-8A75-4930-AE49-055DDD383DB2}.Release|Any CPU.ActiveCfg = Release|Any CPU
		{2C91F041-8A75-4930-AE49-055DDD383DB2}.Release|Any CPU.Build.0 = Release|Any CPU
	EndGlobalSection
	GlobalSection(SolutionProperties) = preSolution
		HideSolutionNode = FALSE
	EndGlobalSection
	GlobalSection(ExtensibilityGlobals) = postSolution
		SolutionGuid = {87684EF9-6D67-4F41-8FC8-E8D6DC154894}
	EndGlobalSection
EndGlobal
