
Microsoft Visual Studio Solution File, Format Version 12.00
# Visual Studio Version 17
VisualStudioVersion = 17.3.32811.315
MinimumVisualStudioVersion = 10.0.40219.1
Project("{FAE04EC0-301F-11D3-BF4B-00C04F79EFBC}") = "Clase2", "Clase2\Clase2.csproj", "{8207ED4A-2EF2-4064-8547-7C64F19F8EDF}"
EndProject
Global
	GlobalSection(SolutionConfigurationPlatforms) = preSolution
		Debug|Any CPU = Debug|Any CPU
		Release|Any CPU = Release|Any CPU
	EndGlobalSection
	GlobalSection(ProjectConfigurationPlatforms) = postSolution
		{8207ED4A-2EF2-4064-8547-7C64F19F8EDF}.Debug|Any CPU.ActiveCfg = Debug|Any CPU
		{8207ED4A-2EF2-4064-8547-7C64F19F8EDF}.Debug|Any CPU.Build.0 = Debug|Any CPU
		{8207ED4A-2EF2-4064-8547-7C64F19F8EDF}.Release|Any CPU.ActiveCfg = Release|Any CPU
		{8207ED4A-2EF2-4064-8547-7C64F19F8EDF}.Release|Any CPU.Build.0 = Release|Any CPU
	EndGlobalSection
	GlobalSection(SolutionProperties) = preSolution
		HideSolutionNode = FALSE
	EndGlobalSection
	GlobalSection(ExtensibilityGlobals) = postSolution
		SolutionGuid = {B785CC83-C0B6-4DB3-B688-FA4AAEB82B3F}
	EndGlobalSection
EndGlobal
